{
  "version": 4,
  "terraform_version": "1.2.3",
  "serial": 62,
  "lineage": "0c9f8842-c0d2-f0d5-4437-2161ff4350de",
  "outputs": {
    "account_id": {
      "value": "04b07795-8ddb-461a-bbee-02f9e1bf7b46",
      "type": "string"
    },
    "fqdn": {
      "value": "ctwacademy72054.germanywestcentral.cloudapp.azure.com",
      "type": "string"
    },
    "public_ip_address": {
      "value": "20.218.95.248",
      "type": "string"
    }
  },
  "resources": [
    {
      "mode": "data",
      "type": "azurerm_client_config",
      "name": "current",
      "provider": "provider[\"registry.terraform.io/hashicorp/azurerm\"]",
      "instances": [
        {
          "schema_version": 0,
          "attributes": {
            "client_id": "04b07795-8ddb-461a-bbee-02f9e1bf7b46",
            "id": "2022-07-20 11:18:11.907940934 +0000 UTC",
            "object_id": "",
            "subscription_id": "470bd2ee-0973-4f49-a719-dc721d0d6e4f",
            "tenant_id": "61f30b8e-4f6b-44fe-9bc2-041e3a9f7346",
            "timeouts": null
          },
          "sensitive_attributes": []
        }
      ]
    },
    {
      "mode": "managed",
      "type": "azurerm_linux_virtual_machine",
      "name": "myterraformvm",
      "provider": "provider[\"registry.terraform.io/hashicorp/azurerm\"]",
      "instances": [
        {
          "schema_version": 0,
          "attributes": {
            "additional_capabilities": [],
            "admin_password": null,
            "admin_ssh_key": [
              {
                "public_key": "ssh-rsa AAAAB3NzaC1yc2EAAAADAQABAAABgQCxn9kp6feMW1D8bKUrJ7/N6LZ0V0djSl0C1byv+iIT2kfhYvvgu2hRChFnuofa4NW3rlbkmrpOnkWJkBSLShLuipQNqNSMeIXsLwMRta4QINy3u1yPSagUBlHKRZ8AoiUioyBw+nqMUn2MQu9sDsKg/iDbkU00TdRYzl2r3leGHOoEaS97PAc0ulrwrffwlIRY+VyEWW7jKbtFloG1djpqfr1xGh2F8XxK/kfRk9Z+czQlJ7iiP1CtoeXztX1StIXiHXfUyHCMotuySDZT/PTOmHuWBLWqMR29hYZT6xoKVH5JMejZZRJqD6jakLSdmZe7A2aVzyqVpIuI6dYZlynh99gsYXgJcjaooSKp1YufL34tE4BYE3FbeZXhK7WlfqmFh1OPYoqRZ7tFrp6jCr9P3+plyA2MbYiLzQ8C/Cs9DdxRE+Rr2hje7dWPm3ahUEZmrWNVu1USnpl8FhSTJxHHDnPMxo2Kn4vh8gn3G4s9CApqkUELmd6ZA4e319TxKrE= ppeixoto@quasar\n",
                "username": "ctwacademy"
              }
            ],
            "admin_username": "ctwacademy",
            "allow_extension_operations": true,
            "availability_set_id": "",
            "boot_diagnostics": [
              {
                "storage_account_uri": "https://storage72054.blob.core.windows.net/"
              }
            ],
            "computer_name": "vm72054",
            "custom_data": null,
            "dedicated_host_group_id": "",
            "dedicated_host_id": "",
            "disable_password_authentication": true,
            "encryption_at_host_enabled": false,
            "eviction_policy": "",
            "extensions_time_budget": "PT1H30M",
            "id": "/subscriptions/470bd2ee-0973-4f49-a719-dc721d0d6e4f/resourceGroups/cicd-academy-rg/providers/Microsoft.Compute/virtualMachines/vm-group2",
            "identity": [],
            "license_type": "",
            "location": "germanywestcentral",
            "max_bid_price": -1,
            "name": "vm-group2",
            "network_interface_ids": [
              "/subscriptions/470bd2ee-0973-4f49-a719-dc721d0d6e4f/resourceGroups/cicd-academy-rg/providers/Microsoft.Network/networkInterfaces/NIC72054"
            ],
            "os_disk": [
              {
                "caching": "ReadWrite",
                "diff_disk_settings": [],
                "disk_encryption_set_id": "",
                "disk_size_gb": 30,
                "name": "osDisk72054",
                "storage_account_type": "Standard_LRS",
                "write_accelerator_enabled": false
              }
            ],
            "patch_mode": "ImageDefault",
            "plan": [],
            "platform_fault_domain": -1,
            "priority": "Regular",
            "private_ip_address": "10.0.1.4",
            "private_ip_addresses": [
              "10.0.1.4"
            ],
            "provision_vm_agent": true,
            "proximity_placement_group_id": "",
            "public_ip_address": "20.218.95.248",
            "public_ip_addresses": [
              "20.218.95.248"
            ],
            "resource_group_name": "cicd-academy-rg",
            "secret": [],
            "secure_boot_enabled": false,
            "size": "Standard_D4_v3",
            "source_image_id": "",
            "source_image_reference": [
              {
                "offer": "UbuntuServer",
                "publisher": "Canonical",
                "sku": "18.04-LTS",
                "version": "latest"
              }
            ],
            "tags": {},
            "timeouts": null,
            "user_data": "",
            "virtual_machine_id": "73d9911c-bab2-40a8-a895-0ddab4f45888",
            "virtual_machine_scale_set_id": "",
            "vtpm_enabled": false,
            "zone": ""
          },
          "sensitive_attributes": [],
          "private": "eyJlMmJmYjczMC1lY2FhLTExZTYtOGY4OC0zNDM2M2JjN2M0YzAiOnsiY3JlYXRlIjoyNzAwMDAwMDAwMDAwLCJkZWxldGUiOjI3MDAwMDAwMDAwMDAsInJlYWQiOjMwMDAwMDAwMDAwMCwidXBkYXRlIjoyNzAwMDAwMDAwMDAwfX0=",
          "dependencies": [
            "azurerm_network_interface.myterraformnic",
            "azurerm_public_ip.myterraformpublicip",
            "azurerm_storage_account.mystorageaccount",
            "azurerm_subnet.myterraformsubnet",
            "azurerm_virtual_network.myterraformnetwork",
            "random_string.number"
          ]
        }
      ]
    },
    {
      "mode": "managed",
      "type": "azurerm_network_interface",
      "name": "myterraformnic",
      "provider": "provider[\"registry.terraform.io/hashicorp/azurerm\"]",
      "instances": [
        {
          "schema_version": 0,
          "attributes": {
            "applied_dns_servers": [],
            "dns_servers": [],
            "enable_accelerated_networking": false,
            "enable_ip_forwarding": false,
            "id": "/subscriptions/470bd2ee-0973-4f49-a719-dc721d0d6e4f/resourceGroups/cicd-academy-rg/providers/Microsoft.Network/networkInterfaces/NIC72054",
            "internal_dns_name_label": "",
            "internal_domain_name_suffix": "5rf00tkamzteja4gxnosdfqubc.frax.internal.cloudapp.net",
            "ip_configuration": [
              {
                "gateway_load_balancer_frontend_ip_configuration_id": "",
                "name": "nicConfiguration72054",
                "primary": true,
                "private_ip_address": "10.0.1.4",
                "private_ip_address_allocation": "Dynamic",
                "private_ip_address_version": "IPv4",
                "public_ip_address_id": "/subscriptions/470bd2ee-0973-4f49-a719-dc721d0d6e4f/resourceGroups/cicd-academy-rg/providers/Microsoft.Network/publicIPAddresses/publicIP72054",
                "subnet_id": "/subscriptions/470bd2ee-0973-4f49-a719-dc721d0d6e4f/resourceGroups/cicd-academy-rg/providers/Microsoft.Network/virtualNetworks/vnet72054/subnets/subnet72054"
              }
            ],
            "location": "germanywestcentral",
            "mac_address": "00-22-48-5B-E7-EA",
            "name": "NIC72054",
            "private_ip_address": "10.0.1.4",
            "private_ip_addresses": [
              "10.0.1.4"
            ],
            "resource_group_name": "cicd-academy-rg",
            "tags": {},
            "timeouts": null,
            "virtual_machine_id": "/subscriptions/470bd2ee-0973-4f49-a719-dc721d0d6e4f/resourceGroups/cicd-academy-rg/providers/Microsoft.Compute/virtualMachines/vm-group2"
          },
          "sensitive_attributes": [],
          "private": "eyJlMmJmYjczMC1lY2FhLTExZTYtOGY4OC0zNDM2M2JjN2M0YzAiOnsiY3JlYXRlIjoxODAwMDAwMDAwMDAwLCJkZWxldGUiOjE4MDAwMDAwMDAwMDAsInJlYWQiOjMwMDAwMDAwMDAwMCwidXBkYXRlIjoxODAwMDAwMDAwMDAwfX0=",
          "dependencies": [
            "azurerm_public_ip.myterraformpublicip",
            "azurerm_subnet.myterraformsubnet",
            "azurerm_virtual_network.myterraformnetwork",
            "random_string.number"
          ]
        }
      ]
    },
    {
      "mode": "managed",
      "type": "azurerm_network_interface_security_group_association",
      "name": "example",
      "provider": "provider[\"registry.terraform.io/hashicorp/azurerm\"]",
      "instances": [
        {
          "schema_version": 0,
          "attributes": {
            "id": "/subscriptions/470bd2ee-0973-4f49-a719-dc721d0d6e4f/resourceGroups/cicd-academy-rg/providers/Microsoft.Network/networkInterfaces/NIC72054|/subscriptions/470bd2ee-0973-4f49-a719-dc721d0d6e4f/resourceGroups/cicd-academy-rg/providers/Microsoft.Network/networkSecurityGroups/networkSecurityGroup72054",
            "network_interface_id": "/subscriptions/470bd2ee-0973-4f49-a719-dc721d0d6e4f/resourceGroups/cicd-academy-rg/providers/Microsoft.Network/networkInterfaces/NIC72054",
            "network_security_group_id": "/subscriptions/470bd2ee-0973-4f49-a719-dc721d0d6e4f/resourceGroups/cicd-academy-rg/providers/Microsoft.Network/networkSecurityGroups/networkSecurityGroup72054",
            "timeouts": null
          },
          "sensitive_attributes": [],
          "private": "eyJlMmJmYjczMC1lY2FhLTExZTYtOGY4OC0zNDM2M2JjN2M0YzAiOnsiY3JlYXRlIjoxODAwMDAwMDAwMDAwLCJkZWxldGUiOjE4MDAwMDAwMDAwMDAsInJlYWQiOjMwMDAwMDAwMDAwMCwidXBkYXRlIjoxODAwMDAwMDAwMDAwfX0=",
          "dependencies": [
            "azurerm_network_interface.myterraformnic",
            "azurerm_network_security_group.myterraformnsg",
            "azurerm_public_ip.myterraformpublicip",
            "azurerm_subnet.myterraformsubnet",
            "azurerm_virtual_network.myterraformnetwork",
            "random_string.number"
          ]
        }
      ]
    },
    {
      "mode": "managed",
      "type": "azurerm_network_security_group",
      "name": "myterraformnsg",
      "provider": "provider[\"registry.terraform.io/hashicorp/azurerm\"]",
      "instances": [
        {
          "schema_version": 0,
          "attributes": {
            "id": "/subscriptions/470bd2ee-0973-4f49-a719-dc721d0d6e4f/resourceGroups/cicd-academy-rg/providers/Microsoft.Network/networkSecurityGroups/networkSecurityGroup72054",
            "location": "germanywestcentral",
            "name": "networkSecurityGroup72054",
            "resource_group_name": "cicd-academy-rg",
            "security_rule": [
              {
                "access": "Allow",
                "description": "",
                "destination_address_prefix": "*",
                "destination_address_prefixes": [],
                "destination_application_security_group_ids": [],
                "destination_port_range": "9090",
                "destination_port_ranges": [],
                "direction": "Inbound",
                "name": "Prometheus",
                "priority": 1003,
                "protocol": "Tcp",
                "source_address_prefix": "*",
                "source_address_prefixes": [],
                "source_application_security_group_ids": [],
                "source_port_range": "*",
                "source_port_ranges": []
              },
              {
                "access": "Allow",
                "description": null,
                "destination_address_prefix": "*",
                "destination_address_prefixes": [],
                "destination_application_security_group_ids": [],
                "destination_port_range": "22",
                "destination_port_ranges": [],
                "direction": "Inbound",
                "name": "SSH",
                "priority": 1001,
                "protocol": "Tcp",
                "source_address_prefix": "*",
                "source_address_prefixes": [],
                "source_application_security_group_ids": [],
                "source_port_range": "*",
                "source_port_ranges": []
              },
              {
                "access": "Allow",
                "description": null,
                "destination_address_prefix": "*",
                "destination_address_prefixes": [],
                "destination_application_security_group_ids": [],
                "destination_port_range": "9100",
                "destination_port_ranges": [],
                "direction": "Inbound",
                "name": "Node Exporter",
                "priority": 1002,
                "protocol": "Tcp",
                "source_address_prefix": "*",
                "source_address_prefixes": [],
                "source_application_security_group_ids": [],
                "source_port_range": "*",
                "source_port_ranges": []
              }
            ],
            "tags": {},
            "timeouts": null
          },
          "sensitive_attributes": [],
          "private": "eyJlMmJmYjczMC1lY2FhLTExZTYtOGY4OC0zNDM2M2JjN2M0YzAiOnsiY3JlYXRlIjoxODAwMDAwMDAwMDAwLCJkZWxldGUiOjE4MDAwMDAwMDAwMDAsInJlYWQiOjMwMDAwMDAwMDAwMCwidXBkYXRlIjoxODAwMDAwMDAwMDAwfX0=",
          "dependencies": [
            "random_string.number"
          ]
        }
      ]
    },
    {
      "mode": "managed",
      "type": "azurerm_public_ip",
      "name": "myterraformpublicip",
      "provider": "provider[\"registry.terraform.io/hashicorp/azurerm\"]",
      "instances": [
        {
          "schema_version": 0,
          "attributes": {
            "allocation_method": "Dynamic",
            "availability_zone": "No-Zone",
            "domain_name_label": "ctwacademy72054",
            "fqdn": "ctwacademy72054.germanywestcentral.cloudapp.azure.com",
            "id": "/subscriptions/470bd2ee-0973-4f49-a719-dc721d0d6e4f/resourceGroups/cicd-academy-rg/providers/Microsoft.Network/publicIPAddresses/publicIP72054",
            "idle_timeout_in_minutes": 4,
            "ip_address": "20.218.95.248",
            "ip_tags": {},
            "ip_version": "IPv4",
            "location": "germanywestcentral",
            "name": "publicIP72054",
            "public_ip_prefix_id": null,
            "resource_group_name": "cicd-academy-rg",
            "reverse_fqdn": "",
            "sku": "Basic",
            "sku_tier": "Regional",
            "tags": {},
            "timeouts": null,
            "zones": []
          },
          "sensitive_attributes": [],
          "private": "eyJlMmJmYjczMC1lY2FhLTExZTYtOGY4OC0zNDM2M2JjN2M0YzAiOnsiY3JlYXRlIjoxODAwMDAwMDAwMDAwLCJkZWxldGUiOjE4MDAwMDAwMDAwMDAsInJlYWQiOjMwMDAwMDAwMDAwMCwidXBkYXRlIjoxODAwMDAwMDAwMDAwfX0=",
          "dependencies": [
            "random_string.number"
          ]
        }
      ]
    },
    {
      "mode": "managed",
      "type": "azurerm_storage_account",
      "name": "mystorageaccount",
      "provider": "provider[\"registry.terraform.io/hashicorp/azurerm\"]",
      "instances": [
        {
          "schema_version": 2,
          "attributes": {
            "access_tier": "Hot",
            "account_kind": "StorageV2",
            "account_replication_type": "LRS",
            "account_tier": "Standard",
            "allow_blob_public_access": false,
            "azure_files_authentication": [],
            "blob_properties": [
              {
                "change_feed_enabled": false,
                "container_delete_retention_policy": [],
                "cors_rule": [],
                "default_service_version": "",
                "delete_retention_policy": [],
                "last_access_time_enabled": false,
                "versioning_enabled": false
              }
            ],
            "custom_domain": [],
            "customer_managed_key": [],
            "enable_https_traffic_only": true,
            "id": "/subscriptions/470bd2ee-0973-4f49-a719-dc721d0d6e4f/resourceGroups/cicd-academy-rg/providers/Microsoft.Storage/storageAccounts/storage72054",
            "identity": [],
            "infrastructure_encryption_enabled": false,
            "is_hns_enabled": false,
            "large_file_share_enabled": null,
            "location": "germanywestcentral",
            "min_tls_version": "TLS1_0",
            "name": "storage72054",
            "network_rules": [
              {
                "bypass": [
                  "AzureServices"
                ],
                "default_action": "Allow",
                "ip_rules": [],
                "private_link_access": [],
                "virtual_network_subnet_ids": []
              }
            ],
            "nfsv3_enabled": false,
            "primary_access_key": "GucJq2TctGpxMN7Zb5lsdjkYVL5FVgtIDFAZOJKcefEQzwKrRQJnMqn4W45ijLEGnSe167a505Wi+AStHyugHA==",
            "primary_blob_connection_string": "DefaultEndpointsProtocol=https;BlobEndpoint=https://storage72054.blob.core.windows.net/;AccountName=storage72054;AccountKey=GucJq2TctGpxMN7Zb5lsdjkYVL5FVgtIDFAZOJKcefEQzwKrRQJnMqn4W45ijLEGnSe167a505Wi+AStHyugHA==",
            "primary_blob_endpoint": "https://storage72054.blob.core.windows.net/",
            "primary_blob_host": "storage72054.blob.core.windows.net",
            "primary_connection_string": "DefaultEndpointsProtocol=https;AccountName=storage72054;AccountKey=GucJq2TctGpxMN7Zb5lsdjkYVL5FVgtIDFAZOJKcefEQzwKrRQJnMqn4W45ijLEGnSe167a505Wi+AStHyugHA==;EndpointSuffix=core.windows.net",
            "primary_dfs_endpoint": "https://storage72054.dfs.core.windows.net/",
            "primary_dfs_host": "storage72054.dfs.core.windows.net",
            "primary_file_endpoint": "https://storage72054.file.core.windows.net/",
            "primary_file_host": "storage72054.file.core.windows.net",
            "primary_location": "germanywestcentral",
            "primary_queue_endpoint": "https://storage72054.queue.core.windows.net/",
            "primary_queue_host": "storage72054.queue.core.windows.net",
            "primary_table_endpoint": "https://storage72054.table.core.windows.net/",
            "primary_table_host": "storage72054.table.core.windows.net",
            "primary_web_endpoint": "https://storage72054.z1.web.core.windows.net/",
            "primary_web_host": "storage72054.z1.web.core.windows.net",
            "queue_encryption_key_type": "Service",
            "queue_properties": [
              {
                "cors_rule": [],
                "hour_metrics": [
                  {
                    "enabled": true,
                    "include_apis": true,
                    "retention_policy_days": 7,
                    "version": "1.0"
                  }
                ],
                "logging": [
                  {
                    "delete": false,
                    "read": false,
                    "retention_policy_days": 0,
                    "version": "1.0",
                    "write": false
                  }
                ],
                "minute_metrics": [
                  {
                    "enabled": false,
                    "include_apis": false,
                    "retention_policy_days": 0,
                    "version": "1.0"
                  }
                ]
              }
            ],
            "resource_group_name": "cicd-academy-rg",
            "routing": [],
            "secondary_access_key": "DNa6KyNT0zz7Cc5vc3hboEs5+dUjsxGSYx0ABdIw34NGlPDMWwPLkTWSqSV1XIgXACLLxC5lkAVL+AStSVcZwQ==",
            "secondary_blob_connection_string": "",
            "secondary_blob_endpoint": null,
            "secondary_blob_host": null,
            "secondary_connection_string": "DefaultEndpointsProtocol=https;AccountName=storage72054;AccountKey=DNa6KyNT0zz7Cc5vc3hboEs5+dUjsxGSYx0ABdIw34NGlPDMWwPLkTWSqSV1XIgXACLLxC5lkAVL+AStSVcZwQ==;EndpointSuffix=core.windows.net",
            "secondary_dfs_endpoint": null,
            "secondary_dfs_host": null,
            "secondary_file_endpoint": null,
            "secondary_file_host": null,
            "secondary_location": "",
            "secondary_queue_endpoint": null,
            "secondary_queue_host": null,
            "secondary_table_endpoint": null,
            "secondary_table_host": null,
            "secondary_web_endpoint": null,
            "secondary_web_host": null,
            "share_properties": [
              {
                "cors_rule": [],
                "retention_policy": [
                  {
                    "days": 7
                  }
                ],
                "smb": []
              }
            ],
            "shared_access_key_enabled": true,
            "static_website": [],
            "table_encryption_key_type": "Service",
            "tags": {},
            "timeouts": null
          },
          "sensitive_attributes": [],
          "private": "eyJlMmJmYjczMC1lY2FhLTExZTYtOGY4OC0zNDM2M2JjN2M0YzAiOnsiY3JlYXRlIjozNjAwMDAwMDAwMDAwLCJkZWxldGUiOjM2MDAwMDAwMDAwMDAsInJlYWQiOjMwMDAwMDAwMDAwMCwidXBkYXRlIjozNjAwMDAwMDAwMDAwfSwic2NoZW1hX3ZlcnNpb24iOiIyIn0=",
          "dependencies": [
            "random_string.number"
          ]
        }
      ]
    },
    {
      "mode": "managed",
      "type": "azurerm_subnet",
      "name": "myterraformsubnet",
      "provider": "provider[\"registry.terraform.io/hashicorp/azurerm\"]",
      "instances": [
        {
          "schema_version": 0,
          "attributes": {
            "address_prefix": "10.0.1.0/24",
            "address_prefixes": [
              "10.0.1.0/24"
            ],
            "delegation": [],
            "enforce_private_link_endpoint_network_policies": false,
            "enforce_private_link_service_network_policies": false,
            "id": "/subscriptions/470bd2ee-0973-4f49-a719-dc721d0d6e4f/resourceGroups/cicd-academy-rg/providers/Microsoft.Network/virtualNetworks/vnet72054/subnets/subnet72054",
            "name": "subnet72054",
            "resource_group_name": "cicd-academy-rg",
            "service_endpoint_policy_ids": [],
            "service_endpoints": [],
            "timeouts": null,
            "virtual_network_name": "vnet72054"
          },
          "sensitive_attributes": [],
          "private": "eyJlMmJmYjczMC1lY2FhLTExZTYtOGY4OC0zNDM2M2JjN2M0YzAiOnsiY3JlYXRlIjoxODAwMDAwMDAwMDAwLCJkZWxldGUiOjE4MDAwMDAwMDAwMDAsInJlYWQiOjMwMDAwMDAwMDAwMCwidXBkYXRlIjoxODAwMDAwMDAwMDAwfX0=",
          "dependencies": [
            "azurerm_virtual_network.myterraformnetwork",
            "random_string.number"
          ]
        }
      ]
    },
    {
      "mode": "managed",
      "type": "azurerm_virtual_network",
      "name": "myterraformnetwork",
      "provider": "provider[\"registry.terraform.io/hashicorp/azurerm\"]",
      "instances": [
        {
          "schema_version": 0,
          "attributes": {
            "address_space": [
              "10.0.0.0/16"
            ],
            "bgp_community": "",
            "ddos_protection_plan": [],
            "dns_servers": [],
            "flow_timeout_in_minutes": 0,
            "guid": "4dad4bfc-6640-4466-83c6-bb5d2196140a",
            "id": "/subscriptions/470bd2ee-0973-4f49-a719-dc721d0d6e4f/resourceGroups/cicd-academy-rg/providers/Microsoft.Network/virtualNetworks/vnet72054",
            "location": "germanywestcentral",
            "name": "vnet72054",
            "resource_group_name": "cicd-academy-rg",
            "subnet": [
              {
                "address_prefix": "10.0.1.0/24",
                "id": "/subscriptions/470bd2ee-0973-4f49-a719-dc721d0d6e4f/resourceGroups/cicd-academy-rg/providers/Microsoft.Network/virtualNetworks/vnet72054/subnets/subnet72054",
                "name": "subnet72054",
                "security_group": ""
              }
            ],
            "tags": {},
            "timeouts": null,
            "vm_protection_enabled": false
          },
          "sensitive_attributes": [],
          "private": "eyJlMmJmYjczMC1lY2FhLTExZTYtOGY4OC0zNDM2M2JjN2M0YzAiOnsiY3JlYXRlIjoxODAwMDAwMDAwMDAwLCJkZWxldGUiOjE4MDAwMDAwMDAwMDAsInJlYWQiOjMwMDAwMDAwMDAwMCwidXBkYXRlIjoxODAwMDAwMDAwMDAwfX0=",
          "dependencies": [
            "random_string.number"
          ]
        }
      ]
    },
    {
      "mode": "managed",
      "type": "random_string",
      "name": "number",
      "provider": "provider[\"registry.terraform.io/hashicorp/random\"]",
      "instances": [
        {
          "schema_version": 2,
          "attributes": {
            "id": "72054",
            "keepers": null,
            "length": 5,
            "lower": false,
            "min_lower": 0,
            "min_numeric": 0,
            "min_special": 0,
            "min_upper": 0,
            "number": true,
            "numeric": true,
            "override_special": null,
            "result": "72054",
            "special": false,
            "upper": false
          },
          "sensitive_attributes": [],
          "private": "eyJzY2hlbWFfdmVyc2lvbiI6IjIifQ=="
        }
      ]
    }
  ]
}
